
Microsoft Visual Studio Solution File, Format Version 12.00
# Visual Studio Version 17
VisualStudioVersion = 17.2.32602.215
MinimumVisualStudioVersion = 10.0.40219.1
Project("{9A19103F-16F7-4668-BE54-9A1E7A4F7556}") = "AwsKmsPkcs11", "AwsKmsPkcs11\AwsKmsPkcs11.csproj", "{CDABEDF9-D03D-4D96-85A7-FA63B770C384}"
EndProject
Global
	GlobalSection(SolutionConfigurationPlatforms) = preSolution
		Debug|Any CPU = Debug|Any CPU
		Integration|Any CPU = Integration|Any CPU
		Release|Any CPU = Release|Any CPU
	EndGlobalSection
	GlobalSection(ProjectConfigurationPlatforms) = postSolution
		{CDABEDF9-D03D-4D96-85A7-FA63B770C384}.Debug|Any CPU.ActiveCfg = Debug|Any CPU
		{CDABEDF9-D03D-4D96-85A7-FA63B770C384}.Debug|Any CPU.Build.0 = Debug|Any CPU
		{CDABEDF9-D03D-4D96-85A7-FA63B770C384}.Integration|Any CPU.ActiveCfg = Integration|Any CPU
		{CDABEDF9-D03D-4D96-85A7-FA63B770C384}.Integration|Any CPU.Build.0 = Integration|Any CPU
		{CDABEDF9-D03D-4D96-85A7-FA63B770C384}.Release|Any CPU.ActiveCfg = Release|Any CPU
		{CDABEDF9-D03D-4D96-85A7-FA63B770C384}.Release|Any CPU.Build.0 = Release|Any CPU
	EndGlobalSection
	GlobalSection(SolutionProperties) = preSolution
		HideSolutionNode = FALSE
	EndGlobalSection
	GlobalSection(ExtensibilityGlobals) = postSolution
		SolutionGuid = {6CAFD4F2-7D8A-411F-BC07-E2DBB5F1E5F4}
	EndGlobalSection
EndGlobal
